{
  "name": "friendsquizbyme",
  "version": "1.0.0",
  "lockfileVersion": 1,
  "requires": true,
  "dependencies": {
    "@babel/runtime": {
      "version": "7.14.0",
      "resolved": "https://registry.npmjs.org/@babel/runtime/-/runtime-7.14.0.tgz",
      "integrity": "sha512-JELkvo/DlpNdJ7dlyw/eY7E0suy5i5GQH+Vlxaq1nsNJ+H7f4Vtv3jMeCEgRhZZQFXTjldYfQgv2qmM6M1v5wA==",
      "requires": {
        "regenerator-runtime": "^0.13.4"
      }
    },
    "@dxcli/screen": {
      "version": "0.0.2",
      "resolved": "https://registry.npmjs.org/@dxcli/screen/-/screen-0.0.2.tgz",
      "integrity": "sha512-Q56p9uqVDsHme64D6U9cL7zgt1+3dPeY8p6sg+rBZgpO0ncp94+Mo7rX1c7hm0vOOjXRj4PR0t0gFFG66c69mQ=="
    },
    "ansi-colors": {
      "version": "4.1.1",
      "resolved": "https://registry.npmjs.org/ansi-colors/-/ansi-colors-4.1.1.tgz",
      "integrity": "sha512-JoX0apGbHaUJBNl6yF+p6JAFYZ666/hhCGKN5t9QFjbJQKUU/g8MNbFDbvfrgKXvI1QpZplPOnwIo99lX/AAmA=="
    },
    "ansi-styles": {
      "version": "4.3.0",
      "resolved": "https://registry.npmjs.org/ansi-styles/-/ansi-styles-4.3.0.tgz",
      "integrity": "sha512-zbB9rCJAT1rbjiVDb2hqKFHNYLxgtk8NURxZ3IZwD3F6NtxbXZQCnnSi1Lkx+IDohdPlFp222wVALIheZJQSEg==",
      "requires": {
        "color-convert": "^2.0.1"
      }
    },
    "array-group-str-omit-num-char": {
      "version": "4.0.16",
      "resolved": "https://registry.npmjs.org/array-group-str-omit-num-char/-/array-group-str-omit-num-char-4.0.16.tgz",
      "integrity": "sha512-vjLXtO8blwjqmUhFA4z8Se0VFP6NV7edUawHYncF8aKHbKTVcxJCsx52+n8znNoMHArDSc/YckNBLDXC0X/RqA==",
      "requires": {
        "@babel/runtime": "^7.13.10",
        "lodash.uniq": "^4.5.0",
        "ranges-apply": "^5.0.16"
      }
    },
    "chalk": {
      "version": "4.1.1",
      "resolved": "https://registry.npmjs.org/chalk/-/chalk-4.1.1.tgz",
      "integrity": "sha512-diHzdDKxcU+bAsUboHLPEDQiw0qEe0qd7SYUn3HgcFlWgbDcfLGswOHYeGrHKzG9z6UYf01d9VFMfZxPM1xZSg==",
      "requires": {
        "ansi-styles": "^4.1.0",
        "supports-color": "^7.1.0"
      }
    },
    "color-convert": {
      "version": "2.0.1",
      "resolved": "https://registry.npmjs.org/color-convert/-/color-convert-2.0.1.tgz",
      "integrity": "sha512-RRECPsj7iu/xb5oKYcsFHSppFNnsj/52OVTRKb4zP5onXwVF3zVmmToNcOfGC+CRDpfK/U584fMg38ZHCaElKQ==",
      "requires": {
        "color-name": "~1.1.4"
      }
    },
    "color-name": {
      "version": "1.1.4",
      "resolved": "https://registry.npmjs.org/color-name/-/color-name-1.1.4.tgz",
      "integrity": "sha512-dOy+3AuW3a2wNbZHIuMZpTcgjGuLU/uBL/ubcZF9OXbDo8ff4O8yVp5Bf0efS8uEoYo5q4Fx7dY9OgQGXgAsQA=="
    },
    "const": {
      "version": "1.0.0",
      "resolved": "https://registry.npmjs.org/const/-/const-1.0.0.tgz",
      "integrity": "sha1-0VkZFmW2iF9dZcVTNWJqh8xuwTw="
    },
    "core-util-is": {
      "version": "1.0.2",
      "resolved": "https://registry.npmjs.org/core-util-is/-/core-util-is-1.0.2.tgz",
      "integrity": "sha1-tf1UIgqivFq1eqtxQMlAdUUDwac="
    },
    "enquirer": {
      "version": "2.3.6",
      "resolved": "https://registry.npmjs.org/enquirer/-/enquirer-2.3.6.tgz",
      "integrity": "sha512-yjNnPr315/FjS4zIsUxYguYUPP2e1NK4d7E7ZOLiyYCcbFBiTMyID+2wvm2w6+pZ/odMA7cRkjhsPbltwBOrLg==",
      "requires": {
        "ansi-colors": "^4.1.1"
      }
    },
    "get-stdin": {
      "version": "9.0.0",
      "resolved": "https://registry.npmjs.org/get-stdin/-/get-stdin-9.0.0.tgz",
      "integrity": "sha512-dVKBjfWisLAicarI2Sf+JuBE/DghV4UzNAVe9yhEJuzeREd3JhOTE9cUaJTeSa77fsbQUK3pcOpJfM59+VKZaA=="
    },
    "has-flag": {
      "version": "4.0.0",
      "resolved": "https://registry.npmjs.org/has-flag/-/has-flag-4.0.0.tgz",
      "integrity": "sha512-EykJT/Q1KjTWctppgIAgfSO0tKVuZUjhgMr17kqTumMl6Afv3EISleU7qZUzoXDFTAHTDC4NOoG/ZxU3EvlMPQ=="
    },
    "inherits": {
      "version": "2.0.4",
      "resolved": "https://registry.npmjs.org/inherits/-/inherits-2.0.4.tgz",
      "integrity": "sha512-k/vGaX4/Yla3WzyMCvTQOXYeIHvqOKtnqBduzTHpzpQZzAskKMhZ2K+EnBiSM9zGSoIFeMpXKxa4dYeZIQqewQ=="
    },
    "isarray": {
      "version": "0.0.1",
      "resolved": "https://registry.npmjs.org/isarray/-/isarray-0.0.1.tgz",
      "integrity": "sha1-ihis/Kmo9Bd+Cav8YDiTmwXR7t8="
    },
    "lodash.uniq": {
      "version": "4.5.0",
      "resolved": "https://registry.npmjs.org/lodash.uniq/-/lodash.uniq-4.5.0.tgz",
      "integrity": "sha1-0CJTc662Uq3BvILklFM5qEJ1R3M="
    },
    "n-readlines": {
      "version": "1.0.1",
      "resolved": "https://registry.npmjs.org/n-readlines/-/n-readlines-1.0.1.tgz",
      "integrity": "sha512-z4SyAIVgMy7CkgsoNw7YVz40v0g4+WWvvqy8+ZdHrCtgevcEO758WQyrYcw3XPxcLxF+//RszTz/rO48nzD0wQ=="
    },
    "node-interface-readline": {
      "version": "1.0.1",
      "resolved": "https://registry.npmjs.org/node-interface-readline/-/node-interface-readline-1.0.1.tgz",
      "integrity": "sha512-77cH6SOKQAWYBsHrphPJuB/vNFIi36Bc0dQurM+Ww3Dd9kvZXGZFs2bg4nh7dF8zL7bDRqlXEpQ4/5cWZ3zp+g=="
    },
    "object-keys": {
      "version": "0.4.0",
      "resolved": "https://registry.npmjs.org/object-keys/-/object-keys-0.4.0.tgz",
      "integrity": "sha1-KKaq50KN0sOpLz2V8hM13SBOAzY="
    },
    "ranges-apply": {
      "version": "5.0.16",
      "resolved": "https://registry.npmjs.org/ranges-apply/-/ranges-apply-5.0.16.tgz",
      "integrity": "sha512-MHM/yhl6PGshg2J2KUgdSe5/8Q03hVPjxQSgJtttciN4Q31ZmTAdXymPZ31MSx6ry2kpLaFSfTadOknhbke/PA==",
      "requires": {
        "@babel/runtime": "^7.13.10",
        "ranges-merge": "^7.0.16"
      }
    },
    "ranges-merge": {
      "version": "7.0.16",
      "resolved": "https://registry.npmjs.org/ranges-merge/-/ranges-merge-7.0.16.tgz",
      "integrity": "sha512-scTCbjfwAmII9vsVdVlKX7Gl6hiuNPrS1PZhgvA60bVRJB+42gFr4oXvqAyuHv/o0qzRaouHm93ghoF/Px3Qiw==",
      "requires": {
        "@babel/runtime": "^7.13.10",
        "ranges-push": "^5.0.16",
        "ranges-sort": "^4.0.16"
      }
    },
    "ranges-push": {
      "version": "5.0.16",
      "resolved": "https://registry.npmjs.org/ranges-push/-/ranges-push-5.0.16.tgz",
      "integrity": "sha512-OcdOEGZxlgUNrG3ISkA2c24hJmiU9u14+tKRX3XWsLVohKbuGEmrKaNP8s7jptqtgEGCGkUK36Js7OdzZUeNlw==",
      "requires": {
        "@babel/runtime": "^7.13.10",
        "ranges-merge": "^7.0.16",
        "string-collapse-leading-whitespace": "^5.0.16",
        "string-trim-spaces-only": "^3.0.16"
      }
    },
    "ranges-sort": {
      "version": "4.0.16",
      "resolved": "https://registry.npmjs.org/ranges-sort/-/ranges-sort-4.0.16.tgz",
      "integrity": "sha512-be/VirTrkl1sX/SxI1zUOABrozTL5yD4ia4PoN6Nirhja0e2JHvd01F0D8eBf4j0aq1o1QBBNy4xc5SPpt/bLw==",
      "requires": {
        "@babel/runtime": "^7.13.10"
      }
    },
    "readable-stream": {
      "version": "1.1.14",
      "resolved": "https://registry.npmjs.org/readable-stream/-/readable-stream-1.1.14.tgz",
      "integrity": "sha1-fPTFTvZI44EwhMY23SB54WbAgdk=",
      "requires": {
        "core-util-is": "~1.0.0",
        "inherits": "~2.0.1",
        "isarray": "0.0.1",
        "string_decoder": "~0.10.x"
      }
    },
    "readline": {
      "version": "1.3.0",
      "resolved": "https://registry.npmjs.org/readline/-/readline-1.3.0.tgz",
      "integrity": "sha1-xYDXfvLPyHUrEySYBg3JeTp6wBw="
    },
    "readline-sync": {
      "version": "1.4.10",
      "resolved": "https://registry.npmjs.org/readline-sync/-/readline-sync-1.4.10.tgz",
      "integrity": "sha512-gNva8/6UAe8QYepIQH/jQ2qn91Qj0B9sYjMBBs3QOB8F2CXcKgLxQaJRP76sWVRQt+QU+8fAkCbCvjjMFu7Ycw=="
    },
    "regenerator-runtime": {
      "version": "0.13.7",
      "resolved": "https://registry.npmjs.org/regenerator-runtime/-/regenerator-runtime-0.13.7.tgz",
      "integrity": "sha512-a54FxoJDIr27pgf7IgeQGxmqUNYrcV338lf/6gH456HZ/PhX+5BcwHXG9ajESmwe6WRO0tAzRUrRmNONWgkrew=="
    },
    "stdout": {
      "version": "0.0.3",
      "resolved": "https://registry.npmjs.org/stdout/-/stdout-0.0.3.tgz",
      "integrity": "sha1-QA10MwTtYMdBvZTUyezcRNIhYOE=",
      "requires": {
        "through2": "~0.2.3"
      }
    },
    "string-collapse-leading-whitespace": {
      "version": "5.0.16",
      "resolved": "https://registry.npmjs.org/string-collapse-leading-whitespace/-/string-collapse-leading-whitespace-5.0.16.tgz",
      "integrity": "sha512-O2NoT22/Wsh7Hv4m82UCV8rfdco5nk8D8jsc88v7doDLxgj3TRx7KFwW8zCdeHJEaiI4YsXZKnKhdCjwU7ISTQ==",
      "requires": {
        "@babel/runtime": "^7.13.10"
      }
    },
    "string-trim-spaces-only": {
      "version": "3.0.16",
      "resolved": "https://registry.npmjs.org/string-trim-spaces-only/-/string-trim-spaces-only-3.0.16.tgz",
      "integrity": "sha512-P6nor837YZL4/mU9NDhUjGs6j+XpqrZ4v4u8ke3xD4/ACJPg88lulkcp4fkBOshw/ARcnNchFRJ9PpuiRyJvVQ==",
      "requires": {
        "@babel/runtime": "^7.13.10"
      }
    },
    "string_decoder": {
      "version": "0.10.31",
      "resolved": "https://registry.npmjs.org/string_decoder/-/string_decoder-0.10.31.tgz",
      "integrity": "sha1-YuIDvEF2bGwoyfyEMB2rHFMQ+pQ="
    },
    "supports-color": {
      "version": "7.2.0",
      "resolved": "https://registry.npmjs.org/supports-color/-/supports-color-7.2.0.tgz",
      "integrity": "sha512-qpCAvRl9stuOHveKsn7HncJRvv501qIacKzQlO/+Lwxc9+0q2wLyv4Dfvt80/DPn2pqOBsJdDiogXGR9+OvwRw==",
      "requires": {
        "has-flag": "^4.0.0"
      }
    },
    "through2": {
      "version": "0.2.3",
      "resolved": "https://registry.npmjs.org/through2/-/through2-0.2.3.tgz",
      "integrity": "sha1-6zKE2k6jEbbMis42U3SKUqvyWj8=",
      "requires": {
        "readable-stream": "~1.1.9",
        "xtend": "~2.1.1"
      }
    },
    "xtend": {
      "version": "2.1.2",
      "resolved": "https://registry.npmjs.org/xtend/-/xtend-2.1.2.tgz",
      "integrity": "sha1-bv7MKk2tjmlixJAbM3znuoe10os=",
      "requires": {
        "object-keys": "~0.4.0"
      }
    }
  }
}
